
Microsoft Visual Studio Solution File, Format Version 12.00
# Visual Studio Version 16
VisualStudioVersion = 16.0.30011.22
MinimumVisualStudioVersion = 10.0.40219.1
Project("{2150E333-8FDC-42A3-9474-1A3956D46DE8}") = "src", "src", "{9096802B-9652-4944-9E36-9EF8D7342538}"
EndProject
Project("{2150E333-8FDC-42A3-9474-1A3956D46DE8}") = "test", "test", "{F0AE9D25-8594-4D6B-A404-13690A7971CD}"
EndProject
Project("{9A19103F-16F7-4668-BE54-9A1E7A4F7556}") = "Jobs.Web", "src\Jobs.Web\Jobs.Web.csproj", "{2C98801E-CC64-4FE1-BFEC-1A550D5AE000}"
EndProject
Project("{9A19103F-16F7-4668-BE54-9A1E7A4F7556}") = "Jobs.Core", "src\Jobs.Core\Jobs.Core.csproj", "{C81A1373-1089-4A07-82AD-0DA74AFE8955}"
EndProject
Project("{9A19103F-16F7-4668-BE54-9A1E7A4F7556}") = "Jobs.Business", "src\Jobs.Business\Jobs.Business.csproj", "{F4577C85-CE31-4C21-A09F-259C92A31AE7}"
EndProject
Project("{9A19103F-16F7-4668-BE54-9A1E7A4F7556}") = "Jobs.Data", "src\Jobs.Data\Jobs.Data.csproj", "{A63A4AB7-A4F4-470F-8701-3A4B959A4958}"
EndProject
Project("{FAE04EC0-301F-11D3-BF4B-00C04F79EFBC}") = "Jobs.Business.Tests", "test\Jobs.Business.Tests\Jobs.Business.Tests.csproj", "{87AFFBD4-5631-4656-BE19-637B5B6397EB}"
EndProject
Global
	GlobalSection(SolutionConfigurationPlatforms) = preSolution
		Debug|Any CPU = Debug|Any CPU
		Release|Any CPU = Release|Any CPU
	EndGlobalSection
	GlobalSection(ProjectConfigurationPlatforms) = postSolution
		{2C98801E-CC64-4FE1-BFEC-1A550D5AE000}.Debug|Any CPU.ActiveCfg = Debug|Any CPU
		{2C98801E-CC64-4FE1-BFEC-1A550D5AE000}.Debug|Any CPU.Build.0 = Debug|Any CPU
		{2C98801E-CC64-4FE1-BFEC-1A550D5AE000}.Release|Any CPU.ActiveCfg = Release|Any CPU
		{2C98801E-CC64-4FE1-BFEC-1A550D5AE000}.Release|Any CPU.Build.0 = Release|Any CPU
		{C81A1373-1089-4A07-82AD-0DA74AFE8955}.Debug|Any CPU.ActiveCfg = Debug|Any CPU
		{C81A1373-1089-4A07-82AD-0DA74AFE8955}.Debug|Any CPU.Build.0 = Debug|Any CPU
		{C81A1373-1089-4A07-82AD-0DA74AFE8955}.Release|Any CPU.ActiveCfg = Release|Any CPU
		{C81A1373-1089-4A07-82AD-0DA74AFE8955}.Release|Any CPU.Build.0 = Release|Any CPU
		{F4577C85-CE31-4C21-A09F-259C92A31AE7}.Debug|Any CPU.ActiveCfg = Debug|Any CPU
		{F4577C85-CE31-4C21-A09F-259C92A31AE7}.Debug|Any CPU.Build.0 = Debug|Any CPU
		{F4577C85-CE31-4C21-A09F-259C92A31AE7}.Release|Any CPU.ActiveCfg = Release|Any CPU
		{F4577C85-CE31-4C21-A09F-259C92A31AE7}.Release|Any CPU.Build.0 = Release|Any CPU
		{A63A4AB7-A4F4-470F-8701-3A4B959A4958}.Debug|Any CPU.ActiveCfg = Debug|Any CPU
		{A63A4AB7-A4F4-470F-8701-3A4B959A4958}.Debug|Any CPU.Build.0 = Debug|Any CPU
		{A63A4AB7-A4F4-470F-8701-3A4B959A4958}.Release|Any CPU.ActiveCfg = Release|Any CPU
		{A63A4AB7-A4F4-470F-8701-3A4B959A4958}.Release|Any CPU.Build.0 = Release|Any CPU
		{87AFFBD4-5631-4656-BE19-637B5B6397EB}.Debug|Any CPU.ActiveCfg = Debug|Any CPU
		{87AFFBD4-5631-4656-BE19-637B5B6397EB}.Debug|Any CPU.Build.0 = Debug|Any CPU
		{87AFFBD4-5631-4656-BE19-637B5B6397EB}.Release|Any CPU.ActiveCfg = Release|Any CPU
		{87AFFBD4-5631-4656-BE19-637B5B6397EB}.Release|Any CPU.Build.0 = Release|Any CPU
	EndGlobalSection
	GlobalSection(SolutionProperties) = preSolution
		HideSolutionNode = FALSE
	EndGlobalSection
	GlobalSection(NestedProjects) = preSolution
		{2C98801E-CC64-4FE1-BFEC-1A550D5AE000} = {9096802B-9652-4944-9E36-9EF8D7342538}
		{C81A1373-1089-4A07-82AD-0DA74AFE8955} = {9096802B-9652-4944-9E36-9EF8D7342538}
		{F4577C85-CE31-4C21-A09F-259C92A31AE7} = {9096802B-9652-4944-9E36-9EF8D7342538}
		{A63A4AB7-A4F4-470F-8701-3A4B959A4958} = {9096802B-9652-4944-9E36-9EF8D7342538}
		{87AFFBD4-5631-4656-BE19-637B5B6397EB} = {F0AE9D25-8594-4D6B-A404-13690A7971CD}
	EndGlobalSection
	GlobalSection(ExtensibilityGlobals) = postSolution
		SolutionGuid = {7A1DDA8F-ABF0-4D72-847F-68C3C6C01451}
	EndGlobalSection
EndGlobal
